PODS:
  - Alamofire (3.3.1)
  - OAuthSwift (0.5.2)
  - SwiftyJSON (2.3.2)

DEPENDENCIES:
  - Alamofire (~> 3.3)
  - OAuthSwift (from `https://github.com/OAuthSwift/OAuthSwift.git`)
  - SwiftyJSON (from `https://github.com/SwiftyJSON/SwiftyJSON.git`)

EXTERNAL SOURCES:
  OAuthSwift:
    :git: https://github.com/OAuthSwift/OAuthSwift.git
  SwiftyJSON:
    :git: https://github.com/SwiftyJSON/SwiftyJSON.git

CHECKOUT OPTIONS:
  OAuthSwift:
    :commit: 2f180840ca01b6c7d13f4d79661de78dc12d902f
    :git: https://github.com/OAuthSwift/OAuthSwift.git
  SwiftyJSON:
    :commit: 2a5b70f06001316d4fb54501edc70b4084705da0
    :git: https://github.com/SwiftyJSON/SwiftyJSON.git

SPEC CHECKSUMS:
  Alamofire: 369bc67b6f5ac33ded3648d7bd21c5bfb91c2ecc
  OAuthSwift: 1ef042d4362e755e24a78f158d817245641a5d24
  SwiftyJSON: 04ccea08915aa0109039157c7974cf0298da292a

COCOAPODS: 0.39.0
